// !$*UTF8*$!
{
	archiveVersion = 1;
	classes = {
	};
	objectVersion = 56;
	objects = {

/* Begin PBXBuildFile section */
		55A46D142B85650D005C097B /* EmployeeDirectoryMobileAppApp.swift in Sources */ = {isa = PBXBuildFile; fileRef = 55A46D132B85650D005C097B /* EmployeeDirectoryMobileAppApp.swift */; };
		55A46D162B85650D005C097B /* ContentView.swift in Sources */ = {isa = PBXBuildFile; fileRef = 55A46D152B85650D005C097B /* ContentView.swift */; };
		55A46D182B856514005C097B /* Assets.xcassets in Resources */ = {isa = PBXBuildFile; fileRef = 55A46D172B856514005C097B /* Assets.xcassets */; };
		55A46D1B2B856514005C097B /* Preview Assets.xcassets in Resources */ = {isa = PBXBuildFile; fileRef = 55A46D1A2B856514005C097B /* Preview Assets.xcassets */; };
		55A46D252B856515005C097B /* EmployeeDirectoryMobileAppTests.swift in Sources */ = {isa = PBXBuildFile; fileRef = 55A46D242B856515005C097B /* EmployeeDirectoryMobileAppTests.swift */; };
		55A46D2F2B856515005C097B /* EmployeeDirectoryMobileAppUITests.swift in Sources */ = {isa = PBXBuildFile; fileRef = 55A46D2E2B856515005C097B /* EmployeeDirectoryMobileAppUITests.swift */; };
		55A46D312B856515005C097B /* EmployeeDirectoryMobileAppUITestsLaunchTests.swift in Sources */ = {isa = PBXBuildFile; fileRef = 55A46D302B856515005C097B /* EmployeeDirectoryMobileAppUITestsLaunchTests.swift */; };
		55A46D3F2B8565EC005C097B /* EmployeeDirectoryCore in Frameworks */ = {isa = PBXBuildFile; productRef = 55A46D3E2B8565EC005C097B /* EmployeeDirectoryCore */; };
		55A46D422B856919005C097B /* LocalFileEmployeesRepository.swift in Sources */ = {isa = PBXBuildFile; fileRef = 55A46D412B856919005C097B /* LocalFileEmployeesRepository.swift */; };
		55A46D452B862F37005C097B /* EmployeeListView.swift in Sources */ = {isa = PBXBuildFile; fileRef = 55A46D442B862F37005C097B /* EmployeeListView.swift */; };
		55A46D482B87896F005C097B /* EmployeeDetailsView.swift in Sources */ = {isa = PBXBuildFile; fileRef = 55A46D472B87896F005C097B /* EmployeeDetailsView.swift */; };
		55A46D4A2B88DF2E005C097B /* EmployeeDetailsViewModel.swift in Sources */ = {isa = PBXBuildFile; fileRef = 55A46D492B88DF2E005C097B /* EmployeeDetailsViewModel.swift */; };
/* End PBXBuildFile section */

/* Begin PBXContainerItemProxy section */
		55A46D212B856515005C097B /* PBXContainerItemProxy */ = {
			isa = PBXContainerItemProxy;
			containerPortal = 55A46D082B85650D005C097B /* Project object */;
			proxyType = 1;
			remoteGlobalIDString = 55A46D0F2B85650D005C097B;
			remoteInfo = EmployeeDirectoryMobileApp;
		};
		55A46D2B2B856515005C097B /* PBXContainerItemProxy */ = {
			isa = PBXContainerItemProxy;
			containerPortal = 55A46D082B85650D005C097B /* Project object */;
			proxyType = 1;
			remoteGlobalIDString = 55A46D0F2B85650D005C097B;
			remoteInfo = EmployeeDirectoryMobileApp;
		};
/* End PBXContainerItemProxy section */

/* Begin PBXFileReference section */
		55A46D102B85650D005C097B /* EmployeeDirectoryMobileApp.app */ = {isa = PBXFileReference; explicitFileType = wrapper.application; includeInIndex = 0; path = EmployeeDirectoryMobileApp.app; sourceTree = BUILT_PRODUCTS_DIR; };
		55A46D132B85650D005C097B /* EmployeeDirectoryMobileAppApp.swift */ = {isa = PBXFileReference; lastKnownFileType = sourcecode.swift; path = EmployeeDirectoryMobileAppApp.swift; sourceTree = "<group>"; };
		55A46D152B85650D005C097B /* ContentView.swift */ = {isa = PBXFileReference; lastKnownFileType = sourcecode.swift; path = ContentView.swift; sourceTree = "<group>"; };
		55A46D172B856514005C097B /* Assets.xcassets */ = {isa = PBXFileReference; lastKnownFileType = folder.assetcatalog; path = Assets.xcassets; sourceTree = "<group>"; };
		55A46D1A2B856514005C097B /* Preview Assets.xcassets */ = {isa = PBXFileReference; lastKnownFileType = folder.assetcatalog; path = "Preview Assets.xcassets"; sourceTree = "<group>"; };
		55A46D202B856515005C097B /* EmployeeDirectoryMobileAppTests.xctest */ = {isa = PBXFileReference; explicitFileType = wrapper.cfbundle; includeInIndex = 0; path = EmployeeDirectoryMobileAppTests.xctest; sourceTree = BUILT_PRODUCTS_DIR; };
		55A46D242B856515005C097B /* EmployeeDirectoryMobileAppTests.swift */ = {isa = PBXFileReference; lastKnownFileType = sourcecode.swift; path = EmployeeDirectoryMobileAppTests.swift; sourceTree = "<group>"; };
		55A46D2A2B856515005C097B /* EmployeeDirectoryMobileAppUITests.xctest */ = {isa = PBXFileReference; explicitFileType = wrapper.cfbundle; includeInIndex = 0; path = EmployeeDirectoryMobileAppUITests.xctest; sourceTree = BUILT_PRODUCTS_DIR; };
		55A46D2E2B856515005C097B /* EmployeeDirectoryMobileAppUITests.swift */ = {isa = PBXFileReference; lastKnownFileType = sourcecode.swift; path = EmployeeDirectoryMobileAppUITests.swift; sourceTree = "<group>"; };
		55A46D302B856515005C097B /* EmployeeDirectoryMobileAppUITestsLaunchTests.swift */ = {isa = PBXFileReference; lastKnownFileType = sourcecode.swift; path = EmployeeDirectoryMobileAppUITestsLaunchTests.swift; sourceTree = "<group>"; };
		55A46D412B856919005C097B /* LocalFileEmployeesRepository.swift */ = {isa = PBXFileReference; lastKnownFileType = sourcecode.swift; path = LocalFileEmployeesRepository.swift; sourceTree = "<group>"; };
		55A46D442B862F37005C097B /* EmployeeListView.swift */ = {isa = PBXFileReference; lastKnownFileType = sourcecode.swift; path = EmployeeListView.swift; sourceTree = "<group>"; };
		55A46D472B87896F005C097B /* EmployeeDetailsView.swift */ = {isa = PBXFileReference; lastKnownFileType = sourcecode.swift; path = EmployeeDetailsView.swift; sourceTree = "<group>"; };
		55A46D492B88DF2E005C097B /* EmployeeDetailsViewModel.swift */ = {isa = PBXFileReference; lastKnownFileType = sourcecode.swift; path = EmployeeDetailsViewModel.swift; sourceTree = "<group>"; };
/* End PBXFileReference section */

/* Begin PBXFrameworksBuildPhase section */
		55A46D0D2B85650D005C097B /* Frameworks */ = {
			isa = PBXFrameworksBuildPhase;
			buildActionMask = 2147483647;
			files = (
				55A46D3F2B8565EC005C097B /* EmployeeDirectoryCore in Frameworks */,
			);
			runOnlyForDeploymentPostprocessing = 0;
		};
		55A46D1D2B856515005C097B /* Frameworks */ = {
			isa = PBXFrameworksBuildPhase;
			buildActionMask = 2147483647;
			files = (
			);
			runOnlyForDeploymentPostprocessing = 0;
		};
		55A46D272B856515005C097B /* Frameworks */ = {
			isa = PBXFrameworksBuildPhase;
			buildActionMask = 2147483647;
			files = (
			);
			runOnlyForDeploymentPostprocessing = 0;
		};
/* End PBXFrameworksBuildPhase section */

/* Begin PBXGroup section */
		55A46D072B85650D005C097B = {
			isa = PBXGroup;
			children = (
				55A46D122B85650D005C097B /* EmployeeDirectoryMobileApp */,
				55A46D232B856515005C097B /* EmployeeDirectoryMobileAppTests */,
				55A46D2D2B856515005C097B /* EmployeeDirectoryMobileAppUITests */,
				55A46D112B85650D005C097B /* Products */,
			);
			sourceTree = "<group>";
		};
		55A46D112B85650D005C097B /* Products */ = {
			isa = PBXGroup;
			children = (
				55A46D102B85650D005C097B /* EmployeeDirectoryMobileApp.app */,
				55A46D202B856515005C097B /* EmployeeDirectoryMobileAppTests.xctest */,
				55A46D2A2B856515005C097B /* EmployeeDirectoryMobileAppUITests.xctest */,
			);
			name = Products;
			sourceTree = "<group>";
		};
		55A46D122B85650D005C097B /* EmployeeDirectoryMobileApp */ = {
			isa = PBXGroup;
			children = (
				55A46D132B85650D005C097B /* EmployeeDirectoryMobileAppApp.swift */,
				55A46D152B85650D005C097B /* ContentView.swift */,
				55A46D432B862EFD005C097B /* EmployeeList */,
				55A46D462B878939005C097B /* EmployeeDetails */,
				55A46D402B8568FA005C097B /* Persistence */,
				55A46D172B856514005C097B /* Assets.xcassets */,
				55A46D192B856514005C097B /* Preview Content */,
			);
			path = EmployeeDirectoryMobileApp;
			sourceTree = "<group>";
		};
		55A46D192B856514005C097B /* Preview Content */ = {
			isa = PBXGroup;
			children = (
				55A46D1A2B856514005C097B /* Preview Assets.xcassets */,
			);
			path = "Preview Content";
			sourceTree = "<group>";
		};
		55A46D232B856515005C097B /* EmployeeDirectoryMobileAppTests */ = {
			isa = PBXGroup;
			children = (
				55A46D242B856515005C097B /* EmployeeDirectoryMobileAppTests.swift */,
			);
			path = EmployeeDirectoryMobileAppTests;
			sourceTree = "<group>";
		};
		55A46D2D2B856515005C097B /* EmployeeDirectoryMobileAppUITests */ = {
			isa = PBXGroup;
			children = (
				55A46D2E2B856515005C097B /* EmployeeDirectoryMobileAppUITests.swift */,
				55A46D302B856515005C097B /* EmployeeDirectoryMobileAppUITestsLaunchTests.swift */,
			);
			path = EmployeeDirectoryMobileAppUITests;
			sourceTree = "<group>";
		};
		55A46D402B8568FA005C097B /* Persistence */ = {
			isa = PBXGroup;
			children = (
				55A46D412B856919005C097B /* LocalFileEmployeesRepository.swift */,
			);
			path = Persistence;
			sourceTree = "<group>";
		};
		55A46D432B862EFD005C097B /* EmployeeList */ = {
			isa = PBXGroup;
			children = (
				55A46D442B862F37005C097B /* EmployeeListView.swift */,
			);
			path = EmployeeList;
			sourceTree = "<group>";
		};
		55A46D462B878939005C097B /* EmployeeDetails */ = {
			isa = PBXGroup;
			children = (
				55A46D472B87896F005C097B /* EmployeeDetailsView.swift */,
				55A46D492B88DF2E005C097B /* EmployeeDetailsViewModel.swift */,
			);
			path = EmployeeDetails;
			sourceTree = "<group>";
		};
/* End PBXGroup section */

/* Begin PBXNativeTarget section */
		55A46D0F2B85650D005C097B /* EmployeeDirectoryMobileApp */ = {
			isa = PBXNativeTarget;
			buildConfigurationList = 55A46D342B856515005C097B /* Build configuration list for PBXNativeTarget "EmployeeDirectoryMobileApp" */;
			buildPhases = (
				55A46D0C2B85650D005C097B /* Sources */,
				55A46D0D2B85650D005C097B /* Frameworks */,
				55A46D0E2B85650D005C097B /* Resources */,
			);
			buildRules = (
			);
			dependencies = (
			);
			name = EmployeeDirectoryMobileApp;
			packageProductDependencies = (
				55A46D3E2B8565EC005C097B /* EmployeeDirectoryCore */,
			);
			productName = EmployeeDirectoryMobileApp;
			productReference = 55A46D102B85650D005C097B /* EmployeeDirectoryMobileApp.app */;
			productType = "com.apple.product-type.application";
		};
		55A46D1F2B856515005C097B /* EmployeeDirectoryMobileAppTests */ = {
			isa = PBXNativeTarget;
			buildConfigurationList = 55A46D372B856515005C097B /* Build configuration list for PBXNativeTarget "EmployeeDirectoryMobileAppTests" */;
			buildPhases = (
				55A46D1C2B856515005C097B /* Sources */,
				55A46D1D2B856515005C097B /* Frameworks */,
				55A46D1E2B856515005C097B /* Resources */,
			);
			buildRules = (
			);
			dependencies = (
				55A46D222B856515005C097B /* PBXTargetDependency */,
			);
			name = EmployeeDirectoryMobileAppTests;
			productName = EmployeeDirectoryMobileAppTests;
			productReference = 55A46D202B856515005C097B /* EmployeeDirectoryMobileAppTests.xctest */;
			productType = "com.apple.product-type.bundle.unit-test";
		};
		55A46D292B856515005C097B /* EmployeeDirectoryMobileAppUITests */ = {
			isa = PBXNativeTarget;
			buildConfigurationList = 55A46D3A2B856515005C097B /* Build configuration list for PBXNativeTarget "EmployeeDirectoryMobileAppUITests" */;
			buildPhases = (
				55A46D262B856515005C097B /* Sources */,
				55A46D272B856515005C097B /* Frameworks */,
				55A46D282B856515005C097B /* Resources */,
			);
			buildRules = (
			);
			dependencies = (
				55A46D2C2B856515005C097B /* PBXTargetDependency */,
			);
			name = EmployeeDirectoryMobileAppUITests;
			productName = EmployeeDirectoryMobileAppUITests;
			productReference = 55A46D2A2B856515005C097B /* EmployeeDirectoryMobileAppUITests.xctest */;
			productType = "com.apple.product-type.bundle.ui-testing";
		};
/* End PBXNativeTarget section */

/* Begin PBXProject section */
		55A46D082B85650D005C097B /* Project object */ = {
			isa = PBXProject;
			attributes = {
				BuildIndependentTargetsInParallel = 1;
				LastSwiftUpdateCheck = 1420;
				LastUpgradeCheck = 1420;
				TargetAttributes = {
					55A46D0F2B85650D005C097B = {
						CreatedOnToolsVersion = 14.2;
					};
					55A46D1F2B856515005C097B = {
						CreatedOnToolsVersion = 14.2;
						TestTargetID = 55A46D0F2B85650D005C097B;
					};
					55A46D292B856515005C097B = {
						CreatedOnToolsVersion = 14.2;
						TestTargetID = 55A46D0F2B85650D005C097B;
					};
				};
			};
			buildConfigurationList = 55A46D0B2B85650D005C097B /* Build configuration list for PBXProject "EmployeeDirectoryMobileApp" */;
			compatibilityVersion = "Xcode 14.0";
			developmentRegion = en;
			hasScannedForEncodings = 0;
			knownRegions = (
				en,
				Base,
			);
			mainGroup = 55A46D072B85650D005C097B;
			packageReferences = (
				55A46D3D2B8565EC005C097B /* XCRemoteSwiftPackageReference "employee-directory-core" */,
			);
			productRefGroup = 55A46D112B85650D005C097B /* Products */;
			projectDirPath = "";
			projectRoot = "";
			targets = (
				55A46D0F2B85650D005C097B /* EmployeeDirectoryMobileApp */,
				55A46D1F2B856515005C097B /* EmployeeDirectoryMobileAppTests */,
				55A46D292B856515005C097B /* EmployeeDirectoryMobileAppUITests */,
			);
		};
/* End PBXProject section */

/* Begin PBXResourcesBuildPhase section */
		55A46D0E2B85650D005C097B /* Resources */ = {
			isa = PBXResourcesBuildPhase;
			buildActionMask = 2147483647;
			files = (
				55A46D1B2B856514005C097B /* Preview Assets.xcassets in Resources */,
				55A46D182B856514005C097B /* Assets.xcassets in Resources */,
			);
			runOnlyForDeploymentPostprocessing = 0;
		};
		55A46D1E2B856515005C097B /* Resources */ = {
			isa = PBXResourcesBuildPhase;
			buildActionMask = 2147483647;
			files = (
			);
			runOnlyForDeploymentPostprocessing = 0;
		};
		55A46D282B856515005C097B /* Resources */ = {
			isa = PBXResourcesBuildPhase;
			buildActionMask = 2147483647;
			files = (
			);
			runOnlyForDeploymentPostprocessing = 0;
		};
/* End PBXResourcesBuildPhase section */

/* Begin PBXSourcesBuildPhase section */
		55A46D0C2B85650D005C097B /* Sources */ = {
			isa = PBXSourcesBuildPhase;
			buildActionMask = 2147483647;
			files = (
				55A46D452B862F37005C097B /* EmployeeListView.swift in Sources */,
				55A46D162B85650D005C097B /* ContentView.swift in Sources */,
				55A46D482B87896F005C097B /* EmployeeDetailsView.swift in Sources */,
				55A46D4A2B88DF2E005C097B /* EmployeeDetailsViewModel.swift in Sources */,
				55A46D142B85650D005C097B /* EmployeeDirectoryMobileAppApp.swift in Sources */,
				55A46D422B856919005C097B /* LocalFileEmployeesRepository.swift in Sources */,
			);
			runOnlyForDeploymentPostprocessing = 0;
		};
		55A46D1C2B856515005C097B /* Sources */ = {
			isa = PBXSourcesBuildPhase;
			buildActionMask = 2147483647;
			files = (
				55A46D252B856515005C097B /* EmployeeDirectoryMobileAppTests.swift in Sources */,
			);
			runOnlyForDeploymentPostprocessing = 0;
		};
		55A46D262B856515005C097B /* Sources */ = {
			isa = PBXSourcesBuildPhase;
			buildActionMask = 2147483647;
			files = (
				55A46D312B856515005C097B /* EmployeeDirectoryMobileAppUITestsLaunchTests.swift in Sources */,
				55A46D2F2B856515005C097B /* EmployeeDirectoryMobileAppUITests.swift in Sources */,
			);
			runOnlyForDeploymentPostprocessing = 0;
		};
/* End PBXSourcesBuildPhase section */

/* Begin PBXTargetDependency section */
		55A46D222B856515005C097B /* PBXTargetDependency */ = {
			isa = PBXTargetDependency;
			target = 55A46D0F2B85650D005C097B /* EmployeeDirectoryMobileApp */;
			targetProxy = 55A46D212B856515005C097B /* PBXContainerItemProxy */;
		};
		55A46D2C2B856515005C097B /* PBXTargetDependency */ = {
			isa = PBXTargetDependency;
			target = 55A46D0F2B85650D005C097B /* EmployeeDirectoryMobileApp */;
			targetProxy = 55A46D2B2B856515005C097B /* PBXContainerItemProxy */;
		};
/* End PBXTargetDependency section */

/* Begin XCBuildConfiguration section */
		55A46D322B856515005C097B /* Debug */ = {
			isa = XCBuildConfiguration;
			buildSettings = {
				ALWAYS_SEARCH_USER_PATHS = NO;
				CLANG_ANALYZER_NONNULL = YES;
				CLANG_ANALYZER_NUMBER_OBJECT_CONVERSION = YES_AGGRESSIVE;
				CLANG_CXX_LANGUAGE_STANDARD = "gnu++20";
				CLANG_ENABLE_MODULES = YES;
				CLANG_ENABLE_OBJC_ARC = YES;
				CLANG_ENABLE_OBJC_WEAK = YES;
				CLANG_WARN_BLOCK_CAPTURE_AUTORELEASING = YES;
				CLANG_WARN_BOOL_CONVERSION = YES;
				CLANG_WARN_COMMA = YES;
				CLANG_WARN_CONSTANT_CONVERSION = YES;
				CLANG_WARN_DEPRECATED_OBJC_IMPLEMENTATIONS = YES;
				CLANG_WARN_DIRECT_OBJC_ISA_USAGE = YES_ERROR;
				CLANG_WARN_DOCUMENTATION_COMMENTS = YES;
				CLANG_WARN_EMPTY_BODY = YES;
				CLANG_WARN_ENUM_CONVERSION = YES;
				CLANG_WARN_INFINITE_RECURSION = YES;
				CLANG_WARN_INT_CONVERSION = YES;
				CLANG_WARN_NON_LITERAL_NULL_CONVERSION = YES;
				CLANG_WARN_OBJC_IMPLICIT_RETAIN_SELF = YES;
				CLANG_WARN_OBJC_LITERAL_CONVERSION = YES;
				CLANG_WARN_OBJC_ROOT_CLASS = YES_ERROR;
				CLANG_WARN_QUOTED_INCLUDE_IN_FRAMEWORK_HEADER = YES;
				CLANG_WARN_RANGE_LOOP_ANALYSIS = YES;
				CLANG_WARN_STRICT_PROTOTYPES = YES;
				CLANG_WARN_SUSPICIOUS_MOVE = YES;
				CLANG_WARN_UNGUARDED_AVAILABILITY = YES_AGGRESSIVE;
				CLANG_WARN_UNREACHABLE_CODE = YES;
				CLANG_WARN__DUPLICATE_METHOD_MATCH = YES;
				COPY_PHASE_STRIP = NO;
				DEBUG_INFORMATION_FORMAT = dwarf;
				ENABLE_STRICT_OBJC_MSGSEND = YES;
				ENABLE_TESTABILITY = YES;
				GCC_C_LANGUAGE_STANDARD = gnu11;
				GCC_DYNAMIC_NO_PIC = NO;
				GCC_NO_COMMON_BLOCKS = YES;
				GCC_OPTIMIZATION_LEVEL = 0;
				GCC_PREPROCESSOR_DEFINITIONS = (
					"DEBUG=1",
					"$(inherited)",
				);
				GCC_WARN_64_TO_32_BIT_CONVERSION = YES;
				GCC_WARN_ABOUT_RETURN_TYPE = YES_ERROR;
				GCC_WARN_UNDECLARED_SELECTOR = YES;
				GCC_WARN_UNINITIALIZED_AUTOS = YES_AGGRESSIVE;
				GCC_WARN_UNUSED_FUNCTION = YES;
				GCC_WARN_UNUSED_VARIABLE = YES;
				IPHONEOS_DEPLOYMENT_TARGET = 16.2;
				MTL_ENABLE_DEBUG_INFO = INCLUDE_SOURCE;
				MTL_FAST_MATH = YES;
				ONLY_ACTIVE_ARCH = YES;
				SDKROOT = iphoneos;
				SWIFT_ACTIVE_COMPILATION_CONDITIONS = DEBUG;
				SWIFT_OPTIMIZATION_LEVEL = "-Onone";
			};
			name = Debug;
		};
		55A46D332B856515005C097B /* Release */ = {
			isa = XCBuildConfiguration;
			buildSettings = {
				ALWAYS_SEARCH_USER_PATHS = NO;
				CLANG_ANALYZER_NONNULL = YES;
				CLANG_ANALYZER_NUMBER_OBJECT_CONVERSION = YES_AGGRESSIVE;
				CLANG_CXX_LANGUAGE_STANDARD = "gnu++20";
				CLANG_ENABLE_MODULES = YES;
				CLANG_ENABLE_OBJC_ARC = YES;
				CLANG_ENABLE_OBJC_WEAK = YES;
				CLANG_WARN_BLOCK_CAPTURE_AUTORELEASING = YES;
				CLANG_WARN_BOOL_CONVERSION = YES;
				CLANG_WARN_COMMA = YES;
				CLANG_WARN_CONSTANT_CONVERSION = YES;
				CLANG_WARN_DEPRECATED_OBJC_IMPLEMENTATIONS = YES;
				CLANG_WARN_DIRECT_OBJC_ISA_USAGE = YES_ERROR;
				CLANG_WARN_DOCUMENTATION_COMMENTS = YES;
				CLANG_WARN_EMPTY_BODY = YES;
				CLANG_WARN_ENUM_CONVERSION = YES;
				CLANG_WARN_INFINITE_RECURSION = YES;
				CLANG_WARN_INT_CONVERSION = YES;
				CLANG_WARN_NON_LITERAL_NULL_CONVERSION = YES;
				CLANG_WARN_OBJC_IMPLICIT_RETAIN_SELF = YES;
				CLANG_WARN_OBJC_LITERAL_CONVERSION = YES;
				CLANG_WARN_OBJC_ROOT_CLASS = YES_ERROR;
				CLANG_WARN_QUOTED_INCLUDE_IN_FRAMEWORK_HEADER = YES;
				CLANG_WARN_RANGE_LOOP_ANALYSIS = YES;
				CLANG_WARN_STRICT_PROTOTYPES = YES;
				CLANG_WARN_SUSPICIOUS_MOVE = YES;
				CLANG_WARN_UNGUARDED_AVAILABILITY = YES_AGGRESSIVE;
				CLANG_WARN_UNREACHABLE_CODE = YES;
				CLANG_WARN__DUPLICATE_METHOD_MATCH = YES;
				COPY_PHASE_STRIP = NO;
				DEBUG_INFORMATION_FORMAT = "dwarf-with-dsym";
				ENABLE_NS_ASSERTIONS = NO;
				ENABLE_STRICT_OBJC_MSGSEND = YES;
				GCC_C_LANGUAGE_STANDARD = gnu11;
				GCC_NO_COMMON_BLOCKS = YES;
				GCC_WARN_64_TO_32_BIT_CONVERSION = YES;
				GCC_WARN_ABOUT_RETURN_TYPE = YES_ERROR;
				GCC_WARN_UNDECLARED_SELECTOR = YES;
				GCC_WARN_UNINITIALIZED_AUTOS = YES_AGGRESSIVE;
				GCC_WARN_UNUSED_FUNCTION = YES;
				GCC_WARN_UNUSED_VARIABLE = YES;
				IPHONEOS_DEPLOYMENT_TARGET = 16.2;
				MTL_ENABLE_DEBUG_INFO = NO;
				MTL_FAST_MATH = YES;
				SDKROOT = iphoneos;
				SWIFT_COMPILATION_MODE = wholemodule;
				SWIFT_OPTIMIZATION_LEVEL = "-O";
				VALIDATE_PRODUCT = YES;
			};
			name = Release;
		};
		55A46D352B856515005C097B /* Debug */ = {
			isa = XCBuildConfiguration;
			buildSettings = {
				ASSETCATALOG_COMPILER_APPICON_NAME = AppIcon;
				ASSETCATALOG_COMPILER_GLOBAL_ACCENT_COLOR_NAME = AccentColor;
				CODE_SIGN_STYLE = Automatic;
				CURRENT_PROJECT_VERSION = 1;
				DEVELOPMENT_ASSET_PATHS = "\"EmployeeDirectoryMobileApp/Preview Content\"";
				DEVELOPMENT_TEAM = DDY87GS88W;
				ENABLE_PREVIEWS = YES;
				GENERATE_INFOPLIST_FILE = YES;
				INFOPLIST_KEY_UIApplicationSceneManifest_Generation = YES;
				INFOPLIST_KEY_UIApplicationSupportsIndirectInputEvents = YES;
				INFOPLIST_KEY_UILaunchScreen_Generation = YES;
				INFOPLIST_KEY_UISupportedInterfaceOrientations_iPad = "UIInterfaceOrientationPortrait UIInterfaceOrientationPortraitUpsideDown UIInterfaceOrientationLandscapeLeft UIInterfaceOrientationLandscapeRight";
				INFOPLIST_KEY_UISupportedInterfaceOrientations_iPhone = "UIInterfaceOrientationPortrait UIInterfaceOrientationLandscapeLeft UIInterfaceOrientationLandscapeRight";
				LD_RUNPATH_SEARCH_PATHS = (
					"$(inherited)",
					"@executable_path/Frameworks",
				);
				MARKETING_VERSION = 1.0;
				PRODUCT_BUNDLE_IDENTIFIER = com.PalmTreeCreations.EmployeeDirectoryMobileApp;
				PRODUCT_NAME = "$(TARGET_NAME)";
				SWIFT_EMIT_LOC_STRINGS = YES;
				SWIFT_VERSION = 5.0;
				TARGETED_DEVICE_FAMILY = "1,2";
			};
			name = Debug;
		};
		55A46D362B856515005C097B /* Release */ = {
			isa = XCBuildConfiguration;
			buildSettings = {
				ASSETCATALOG_COMPILER_APPICON_NAME = AppIcon;
				ASSETCATALOG_COMPILER_GLOBAL_ACCENT_COLOR_NAME = AccentColor;
				CODE_SIGN_STYLE = Automatic;
				CURRENT_PROJECT_VERSION = 1;
				DEVELOPMENT_ASSET_PATHS = "\"EmployeeDirectoryMobileApp/Preview Content\"";
				DEVELOPMENT_TEAM = DDY87GS88W;
				ENABLE_PREVIEWS = YES;
				GENERATE_INFOPLIST_FILE = YES;
				INFOPLIST_KEY_UIApplicationSceneManifest_Generation = YES;
				INFOPLIST_KEY_UIApplicationSupportsIndirectInputEvents = YES;
				INFOPLIST_KEY_UILaunchScreen_Generation = YES;
				INFOPLIST_KEY_UISupportedInterfaceOrientations_iPad = "UIInterfaceOrientationPortrait UIInterfaceOrientationPortraitUpsideDown UIInterfaceOrientationLandscapeLeft UIInterfaceOrientationLandscapeRight";
				INFOPLIST_KEY_UISupportedInterfaceOrientations_iPhone = "UIInterfaceOrientationPortrait UIInterfaceOrientationLandscapeLeft UIInterfaceOrientationLandscapeRight";
				LD_RUNPATH_SEARCH_PATHS = (
					"$(inherited)",
					"@executable_path/Frameworks",
				);
				MARKETING_VERSION = 1.0;
				PRODUCT_BUNDLE_IDENTIFIER = com.PalmTreeCreations.EmployeeDirectoryMobileApp;
				PRODUCT_NAME = "$(TARGET_NAME)";
				SWIFT_EMIT_LOC_STRINGS = YES;
				SWIFT_VERSION = 5.0;
				TARGETED_DEVICE_FAMILY = "1,2";
			};
			name = Release;
		};
		55A46D382B856515005C097B /* Debug */ = {
			isa = XCBuildConfiguration;
			buildSettings = {
				ALWAYS_EMBED_SWIFT_STANDARD_LIBRARIES = YES;
				BUNDLE_LOADER = "$(TEST_HOST)";
				CODE_SIGN_STYLE = Automatic;
				CURRENT_PROJECT_VERSION = 1;
				DEVELOPMENT_TEAM = DDY87GS88W;
				GENERATE_INFOPLIST_FILE = YES;
				IPHONEOS_DEPLOYMENT_TARGET = 16.2;
				MARKETING_VERSION = 1.0;
				PRODUCT_BUNDLE_IDENTIFIER = com.PalmTreeCreations.EmployeeDirectoryMobileAppTests;
				PRODUCT_NAME = "$(TARGET_NAME)";
				SWIFT_EMIT_LOC_STRINGS = NO;
				SWIFT_VERSION = 5.0;
				TARGETED_DEVICE_FAMILY = "1,2";
				TEST_HOST = "$(BUILT_PRODUCTS_DIR)/EmployeeDirectoryMobileApp.app/$(BUNDLE_EXECUTABLE_FOLDER_PATH)/EmployeeDirectoryMobileApp";
			};
			name = Debug;
		};
		55A46D392B856515005C097B /* Release */ = {
			isa = XCBuildConfiguration;
			buildSettings = {
				ALWAYS_EMBED_SWIFT_STANDARD_LIBRARIES = YES;
				BUNDLE_LOADER = "$(TEST_HOST)";
				CODE_SIGN_STYLE = Automatic;
				CURRENT_PROJECT_VERSION = 1;
				DEVELOPMENT_TEAM = DDY87GS88W;
				GENERATE_INFOPLIST_FILE = YES;
				IPHONEOS_DEPLOYMENT_TARGET = 16.2;
				MARKETING_VERSION = 1.0;
				PRODUCT_BUNDLE_IDENTIFIER = com.PalmTreeCreations.EmployeeDirectoryMobileAppTests;
				PRODUCT_NAME = "$(TARGET_NAME)";
				SWIFT_EMIT_LOC_STRINGS = NO;
				SWIFT_VERSION = 5.0;
				TARGETED_DEVICE_FAMILY = "1,2";
				TEST_HOST = "$(BUILT_PRODUCTS_DIR)/EmployeeDirectoryMobileApp.app/$(BUNDLE_EXECUTABLE_FOLDER_PATH)/EmployeeDirectoryMobileApp";
			};
			name = Release;
		};
		55A46D3B2B856515005C097B /* Debug */ = {
			isa = XCBuildConfiguration;
			buildSettings = {
				ALWAYS_EMBED_SWIFT_STANDARD_LIBRARIES = YES;
				CODE_SIGN_STYLE = Automatic;
				CURRENT_PROJECT_VERSION = 1;
				DEVELOPMENT_TEAM = DDY87GS88W;
				GENERATE_INFOPLIST_FILE = YES;
				MARKETING_VERSION = 1.0;
				PRODUCT_BUNDLE_IDENTIFIER = com.PalmTreeCreations.EmployeeDirectoryMobileAppUITests;
				PRODUCT_NAME = "$(TARGET_NAME)";
				SWIFT_EMIT_LOC_STRINGS = NO;
				SWIFT_VERSION = 5.0;
				TARGETED_DEVICE_FAMILY = "1,2";
				TEST_TARGET_NAME = EmployeeDirectoryMobileApp;
			};
			name = Debug;
		};
		55A46D3C2B856515005C097B /* Release */ = {
			isa = XCBuildConfiguration;
			buildSettings = {
				ALWAYS_EMBED_SWIFT_STANDARD_LIBRARIES = YES;
				CODE_SIGN_STYLE = Automatic;
				CURRENT_PROJECT_VERSION = 1;
				DEVELOPMENT_TEAM = DDY87GS88W;
				GENERATE_INFOPLIST_FILE = YES;
				MARKETING_VERSION = 1.0;
				PRODUCT_BUNDLE_IDENTIFIER = com.PalmTreeCreations.EmployeeDirectoryMobileAppUITests;
				PRODUCT_NAME = "$(TARGET_NAME)";
				SWIFT_EMIT_LOC_STRINGS = NO;
				SWIFT_VERSION = 5.0;
				TARGETED_DEVICE_FAMILY = "1,2";
				TEST_TARGET_NAME = EmployeeDirectoryMobileApp;
			};
			name = Release;
		};
/* End XCBuildConfiguration section */

/* Begin XCConfigurationList section */
		55A46D0B2B85650D005C097B /* Build configuration list for PBXProject "EmployeeDirectoryMobileApp" */ = {
			isa = XCConfigurationList;
			buildConfigurations = (
				55A46D322B856515005C097B /* Debug */,
				55A46D332B856515005C097B /* Release */,
			);
			defaultConfigurationIsVisible = 0;
			defaultConfigurationName = Release;
		};
		55A46D342B856515005C097B /* Build configuration list for PBXNativeTarget "EmployeeDirectoryMobileApp" */ = {
			isa = XCConfigurationList;
			buildConfigurations = (
				55A46D352B856515005C097B /* Debug */,
				55A46D362B856515005C097B /* Release */,
			);
			defaultConfigurationIsVisible = 0;
			defaultConfigurationName = Release;
		};
		55A46D372B856515005C097B /* Build configuration list for PBXNativeTarget "EmployeeDirectoryMobileAppTests" */ = {
			isa = XCConfigurationList;
			buildConfigurations = (
				55A46D382B856515005C097B /* Debug */,
				55A46D392B856515005C097B /* Release */,
			);
			defaultConfigurationIsVisible = 0;
			defaultConfigurationName = Release;
		};
		55A46D3A2B856515005C097B /* Build configuration list for PBXNativeTarget "EmployeeDirectoryMobileAppUITests" */ = {
			isa = XCConfigurationList;
			buildConfigurations = (
				55A46D3B2B856515005C097B /* Debug */,
				55A46D3C2B856515005C097B /* Release */,
			);
			defaultConfigurationIsVisible = 0;
			defaultConfigurationName = Release;
		};
/* End XCConfigurationList section */

/* Begin XCRemoteSwiftPackageReference section */
		55A46D3D2B8565EC005C097B /* XCRemoteSwiftPackageReference "employee-directory-core" */ = {
			isa = XCRemoteSwiftPackageReference;
			repositoryURL = "https://github.com/obvios/employee-directory-core.git";
			requirement = {
				branch = main;
				kind = branch;
			};
		};
/* End XCRemoteSwiftPackageReference section */

/* Begin XCSwiftPackageProductDependency section */
		55A46D3E2B8565EC005C097B /* EmployeeDirectoryCore */ = {
			isa = XCSwiftPackageProductDependency;
			package = 55A46D3D2B8565EC005C097B /* XCRemoteSwiftPackageReference "employee-directory-core" */;
			productName = EmployeeDirectoryCore;
		};
/* End XCSwiftPackageProductDependency section */
	};
	rootObject = 55A46D082B85650D005C097B /* Project object */;
}
